
Microsoft Visual Studio Solution File, Format Version 12.00
# Visual Studio Version 17
VisualStudioVersion = 17.0.32014.148
MinimumVisualStudioVersion = 10.0.40219.1
Project("{8BC9CEB8-8B4A-11D0-8D11-00A0C91BC942}") = "HackAssembler", "HackAssembler\HackAssembler.vcxproj", "{A54CBEE7-120C-46A8-92E3-F13DEFFFDCED}"
EndProject
Global
	GlobalSection(SolutionConfigurationPlatforms) = preSolution
		Debug|x64 = Debug|x64
		Debug|x86 = Debug|x86
		Release|x64 = Release|x64
		Release|x86 = Release|x86
	EndGlobalSection
	GlobalSection(ProjectConfigurationPlatforms) = postSolution
		{A54CBEE7-120C-46A8-92E3-F13DEFFFDCED}.Debug|x64.ActiveCfg = Debug|x64
		{A54CBEE7-120C-46A8-92E3-F13DEFFFDCED}.Debug|x64.Build.0 = Debug|x64
		{A54CBEE7-120C-46A8-92E3-F13DEFFFDCED}.Debug|x86.ActiveCfg = Debug|Win32
		{A54CBEE7-120C-46A8-92E3-F13DEFFFDCED}.Debug|x86.Build.0 = Debug|Win32
		{A54CBEE7-120C-46A8-92E3-F13DEFFFDCED}.Release|x64.ActiveCfg = Release|x64
		{A54CBEE7-120C-46A8-92E3-F13DEFFFDCED}.Release|x64.Build.0 = Release|x64
		{A54CBEE7-120C-46A8-92E3-F13DEFFFDCED}.Release|x86.ActiveCfg = Release|Win32
		{A54CBEE7-120C-46A8-92E3-F13DEFFFDCED}.Release|x86.Build.0 = Release|Win32
	EndGlobalSection
	GlobalSection(SolutionProperties) = preSolution
		HideSolutionNode = FALSE
	EndGlobalSection
	GlobalSection(ExtensibilityGlobals) = postSolution
		SolutionGuid = {22ABB317-9A9D-4DB6-8192-708FD3CD35BE}
	EndGlobalSection
EndGlobal
